<?xml version="1.0" encoding="utf-8"?>
<Project ToolsVersion="4.0" xmlns="http://schemas.microsoft.com/developer/msbuild/2003">
  <ItemGroup>
    <Filter Include="Source Files">
      <UniqueIdentifier>{4FC737F1-C7A5-4376-A066-2A32D752A2FF}</UniqueIdentifier>
      <Extensions>cpp;c;cc;cxx;c++;def;odl;idl;hpj;bat;asm;asmx</Extensions>
    </Filter>
    <Filter Include="Header Files">
      <UniqueIdentifier>{93995380-89BD-4b04-88EB-625FBE52EBFB}</UniqueIdentifier>
      <Extensions>h;hh;hpp;hxx;h++;hm;inl;inc;ipp;xsd</Extensions>
    </Filter>
    <Filter Include="Resource Files">
      <UniqueIdentifier>{67DA6AB6-F800-4c08-8B7A-83BB121AAD01}</UniqueIdentifier>
      <Extensions>rc;ico;cur;bmp;dlg;rc2;rct;bin;rgs;gif;jpg;jpeg;jpe;resx;tiff;tif;png;wav;mfcribbon-ms</Extensions>
    </Filter>
  </ItemGroup>
  <ItemGroup>
    <ClCompile Include="Source\Systems\camerasystem.cpp">
      <Filter>Source Files</Filter>
    </ClCompile>
    <ClCompile Include="Source\Systems\collisionsystem.cpp">
      <Filter>Source Files</Filter>
    </ClCompile>
    <ClCompile Include="Source\Systems\debugsystem.cpp">
      <Filter>Source Files</Filter>
    </ClCompile>
    <ClCompile Include="Source\Systems\enemysystem.cpp">
      <Filter>Source Files</Filter>
    </ClCompile>
    <ClCompile Include="Source\Systems\playerinputsystem.cpp">
      <Filter>Source Files</Filter>
    </ClCompile>
    <ClCompile Include="Source\Systems\positionsystem.cpp">
      <Filter>Source Files</Filter>
    </ClCompile>
    <ClCompile Include="Source\Systems\spritesystem.cpp">
      <Filter>Source Files</Filter>
    </ClCompile>
    <ClCompile Include="Source\Systems\tilegridsystem.cpp">
      <Filter>Source Files</Filter>
    </ClCompile>
    <ClCompile Include="Source\XML\pugixml.cpp">
      <Filter>Source Files</Filter>
    </ClCompile>
    <ClCompile Include="Source\main.cpp">
      <Filter>Source Files</Filter>
    </ClCompile>
    <ClCompile Include="Source\Utility\Debug.cpp">
      <Filter>Source Files</Filter>
    </ClCompile>
    <ClCompile Include="Source\Utility\FramerateCounter.cpp">
      <Filter>Source Files</Filter>
    </ClCompile>
    <ClCompile Include="Source\Utility\Timer.cpp">
      <Filter>Source Files</Filter>
    </ClCompile>
    <ClCompile Include="Source\Utility\Floats.cpp">
      <Filter>Source Files</Filter>
    </ClCompile>
    <ClCompile Include="Source\Utility\Rectangle.cpp">
      <Filter>Source Files</Filter>
    </ClCompile>
    <ClCompile Include="Source\Utility\Ray.cpp">
      <Filter>Source Files</Filter>
    </ClCompile>
    <ClCompile Include="Source\sdlgui\button.cpp">
      <Filter>Source Files</Filter>
    </ClCompile>
    <ClCompile Include="Source\sdlgui\checkbox.cpp">
      <Filter>Source Files</Filter>
    </ClCompile>
    <ClCompile Include="Source\sdlgui\colorpicker.cpp">
      <Filter>Source Files</Filter>
    </ClCompile>
    <ClCompile Include="Source\sdlgui\colorwheel.cpp">
      <Filter>Source Files</Filter>
    </ClCompile>
    <ClCompile Include="Source\sdlgui\combobox.cpp">
      <Filter>Source Files</Filter>
    </ClCompile>
    <ClCompile Include="Source\sdlgui\common.cpp">
      <Filter>Source Files</Filter>
    </ClCompile>
    <ClCompile Include="Source\sdlgui\dropdownbox.cpp">
      <Filter>Source Files</Filter>
    </ClCompile>
    <ClCompile Include="Source\sdlgui\graph.cpp">
      <Filter>Source Files</Filter>
    </ClCompile>
    <ClCompile Include="Source\sdlgui\imagepanel.cpp">
      <Filter>Source Files</Filter>
    </ClCompile>
    <ClCompile Include="Source\sdlgui\imageview.cpp">
      <Filter>Source Files</Filter>
    </ClCompile>
    <ClCompile Include="Source\sdlgui\label.cpp">
      <Filter>Source Files</Filter>
    </ClCompile>
    <ClCompile Include="Source\sdlgui\layout.cpp">
      <Filter>Source Files</Filter>
    </ClCompile>
    <ClCompile Include="Source\sdlgui\loadimages.cpp">
      <Filter>Source Files</Filter>
    </ClCompile>
    <ClCompile Include="Source\sdlgui\messagedialog.cpp">
      <Filter>Source Files</Filter>
    </ClCompile>
    <ClCompile Include="Source\sdlgui\nanovg.c">
      <Filter>Source Files</Filter>
    </ClCompile>
    <ClCompile Include="Source\sdlgui\popup.cpp">
      <Filter>Source Files</Filter>
    </ClCompile>
    <ClCompile Include="Source\sdlgui\popupbutton.cpp">
      <Filter>Source Files</Filter>
    </ClCompile>
    <ClCompile Include="Source\sdlgui\progressbar.cpp">
      <Filter>Source Files</Filter>
    </ClCompile>
    <ClCompile Include="Source\sdlgui\resources.cpp">
      <Filter>Source Files</Filter>
    </ClCompile>
    <ClCompile Include="Source\sdlgui\screen.cpp">
      <Filter>Source Files</Filter>
    </ClCompile>
    <ClCompile Include="Source\sdlgui\slider.cpp">
      <Filter>Source Files</Filter>
    </ClCompile>
    <ClCompile Include="Source\sdlgui\stackedwidget.cpp">
      <Filter>Source Files</Filter>
    </ClCompile>
    <ClCompile Include="Source\sdlgui\switchbox.cpp">
      <Filter>Source Files</Filter>
    </ClCompile>
    <ClCompile Include="Source\sdlgui\tabheader.cpp">
      <Filter>Source Files</Filter>
    </ClCompile>
    <ClCompile Include="Source\sdlgui\tabwidget.cpp">
      <Filter>Source Files</Filter>
    </ClCompile>
    <ClCompile Include="Source\sdlgui\textbox.cpp">
      <Filter>Source Files</Filter>
    </ClCompile>
    <ClCompile Include="Source\sdlgui\theme.cpp">
      <Filter>Source Files</Filter>
    </ClCompile>
    <ClCompile Include="Source\sdlgui\vscrollpanel.cpp">
      <Filter>Source Files</Filter>
    </ClCompile>
    <ClCompile Include="Source\sdlgui\widget.cpp">
      <Filter>Source Files</Filter>
    </ClCompile>
    <ClCompile Include="Source\sdlgui\window.cpp">
      <Filter>Source Files</Filter>
    </ClCompile>
    <ClCompile Include="Source\GameSceneUI.cpp">
      <Filter>Source Files</Filter>
    </ClCompile>
    <ClCompile Include="Source\Utility\FOVRecurse.cpp">
      <Filter>Source Files</Filter>
    </ClCompile>
    <ClCompile Include="Source\Terminal\char.cpp">
      <Filter>Source Files</Filter>
    </ClCompile>
    <ClCompile Include="Source\Terminal\sdl_context.cpp">
      <Filter>Source Files</Filter>
    </ClCompile>
    <ClCompile Include="Source\Terminal\string.cpp">
      <Filter>Source Files</Filter>
    </ClCompile>
    <ClCompile Include="Source\Terminal\ConsoleBuffer.cpp">
      <Filter>Source Files</Filter>
    </ClCompile>
    <ClCompile Include="Source\Terminal\Console.cpp">
      <Filter>Source Files</Filter>
    </ClCompile>
    <ClCompile Include="Source\Utility\Color.cpp">
      <Filter>Source Files</Filter>
    </ClCompile>
  </ItemGroup>
  <ItemGroup>
    <ClInclude Include="Source\SDL\config.hpp">
      <Filter>Header Files</Filter>
    </ClInclude>
    <ClInclude Include="Source\SDL\events.hpp">
      <Filter>Header Files</Filter>
    </ClInclude>
    <ClInclude Include="Source\SDL\fwd.hpp">
      <Filter>Header Files</Filter>
    </ClInclude>
    <ClInclude Include="Source\SDL\game.hpp">
      <Filter>Header Files</Filter>
    </ClInclude>
    <ClInclude Include="Source\SDL\graphics.hpp">
      <Filter>Header Files</Filter>
    </ClInclude>
    <ClInclude Include="Source\SDL\resource_loader.hpp">
      <Filter>Header Files</Filter>
    </ClInclude>
    <ClInclude Include="Source\SDL\scene.hpp">
      <Filter>Header Files</Filter>
    </ClInclude>
    <ClInclude Include="Source\SDL\sdl.hpp">
      <Filter>Header Files</Filter>
    </ClInclude>
    <ClInclude Include="Source\Systems\camerasystem.hpp">
      <Filter>Header Files</Filter>
    </ClInclude>
    <ClInclude Include="Source\Systems\collisionsystem.hpp">
      <Filter>Header Files</Filter>
    </ClInclude>
    <ClInclude Include="Source\Systems\debugsystem.hpp">
      <Filter>Header Files</Filter>
    </ClInclude>
    <ClInclude Include="Source\Systems\enemysystem.hpp">
      <Filter>Header Files</Filter>
    </ClInclude>
    <ClInclude Include="Source\Systems\playerinputsystem.hpp">
      <Filter>Header Files</Filter>
    </ClInclude>
    <ClInclude Include="Source\Systems\positionsystem.hpp">
      <Filter>Header Files</Filter>
    </ClInclude>
    <ClInclude Include="Source\Systems\spritesystem.hpp">
      <Filter>Header Files</Filter>
    </ClInclude>
    <ClInclude Include="Source\Systems\systems.hpp">
      <Filter>Header Files</Filter>
    </ClInclude>
    <ClInclude Include="Source\Systems\tilegridsystem.hpp">
      <Filter>Header Files</Filter>
    </ClInclude>
    <ClInclude Include="Source\XML\pugiconfig.hpp">
      <Filter>Header Files</Filter>
    </ClInclude>
    <ClInclude Include="Source\XML\pugixml.hpp">
      <Filter>Header Files</Filter>
    </ClInclude>
    <ClInclude Include="Source\config.hpp">
      <Filter>Header Files</Filter>
    </ClInclude>
    <ClInclude Include="Source\core.hpp">
      <Filter>Header Files</Filter>
    </ClInclude>
    <ClInclude Include="Source\fwd.hpp">
      <Filter>Header Files</Filter>
    </ClInclude>
    <ClInclude Include="Source\game_scene.hpp">
      <Filter>Header Files</Filter>
    </ClInclude>
    <ClInclude Include="Source\Component\ai.hpp">
      <Filter>Header Files</Filter>
    </ClInclude>
    <ClInclude Include="Source\Component\camera.hpp">
      <Filter>Header Files</Filter>
    </ClInclude>
    <ClInclude Include="Source\Component\colliders.hpp">
      <Filter>Header Files</Filter>
    </ClInclude>
    <ClInclude Include="Source\Component\components.hpp">
      <Filter>Header Files</Filter>
    </ClInclude>
    <ClInclude Include="Source\Component\hierachy.hpp">
      <Filter>Header Files</Filter>
    </ClInclude>
    <ClInclude Include="Source\Component\sprite.hpp">
      <Filter>Header Files</Filter>
    </ClInclude>
    <ClInclude Include="Source\Component\tilegrid.hpp">
      <Filter>Header Files</Filter>
    </ClInclude>
    <ClInclude Include="Source\Component\tileset.hpp">
      <Filter>Header Files</Filter>
    </ClInclude>
    <ClInclude Include="Source\Component\transform.hpp">
      <Filter>Header Files</Filter>
    </ClInclude>
    <ClInclude Include="Source\Prefab\PF_MapTile.h">
      <Filter>Header Files</Filter>
    </ClInclude>
    <ClInclude Include="Source\Resource\cache.hpp">
      <Filter>Header Files</Filter>
    </ClInclude>
    <ClInclude Include="Source\Resource\fwd.hpp">
      <Filter>Header Files</Filter>
    </ClInclude>
    <ClInclude Include="Source\Utility\Debug.h">
      <Filter>Header Files</Filter>
    </ClInclude>
    <ClInclude Include="Source\Utility\FramerateCounter.h">
      <Filter>Header Files</Filter>
    </ClInclude>
    <ClInclude Include="Source\Utility\Timer.h">
      <Filter>Header Files</Filter>
    </ClInclude>
    <ClInclude Include="Source\Utility\Floats.h">
      <Filter>Header Files</Filter>
    </ClInclude>
    <ClInclude Include="Source\Utility\Primitives.h">
      <Filter>Header Files</Filter>
    </ClInclude>
    <ClInclude Include="Source\Utility\Rectangle.h">
      <Filter>Header Files</Filter>
    </ClInclude>
    <ClInclude Include="Source\Utility\Vector2D.h">
      <Filter>Header Files</Filter>
    </ClInclude>
    <ClInclude Include="Source\Utility\Ray.h">
      <Filter>Header Files</Filter>
    </ClInclude>
    <ClInclude Include="Source\sdlgui\button.h">
      <Filter>Header Files</Filter>
    </ClInclude>
    <ClInclude Include="Source\sdlgui\checkbox.h">
      <Filter>Header Files</Filter>
    </ClInclude>
    <ClInclude Include="Source\sdlgui\colorpicker.h">
      <Filter>Header Files</Filter>
    </ClInclude>
    <ClInclude Include="Source\sdlgui\colorwheel.h">
      <Filter>Header Files</Filter>
    </ClInclude>
    <ClInclude Include="Source\sdlgui\combobox.h">
      <Filter>Header Files</Filter>
    </ClInclude>
    <ClInclude Include="Source\sdlgui\common.h">
      <Filter>Header Files</Filter>
    </ClInclude>
    <ClInclude Include="Source\sdlgui\dropdownbox.h">
      <Filter>Header Files</Filter>
    </ClInclude>
    <ClInclude Include="Source\sdlgui\entypo.h">
      <Filter>Header Files</Filter>
    </ClInclude>
    <ClInclude Include="Source\sdlgui\fontstash.h">
      <Filter>Header Files</Filter>
    </ClInclude>
    <ClInclude Include="Source\sdlgui\formhelper.h">
      <Filter>Header Files</Filter>
    </ClInclude>
    <ClInclude Include="Source\sdlgui\graph.h">
      <Filter>Header Files</Filter>
    </ClInclude>
    <ClInclude Include="Source\sdlgui\imagepanel.h">
      <Filter>Header Files</Filter>
    </ClInclude>
    <ClInclude Include="Source\sdlgui\imageview.h">
      <Filter>Header Files</Filter>
    </ClInclude>
    <ClInclude Include="Source\sdlgui\label.h">
      <Filter>Header Files</Filter>
    </ClInclude>
    <ClInclude Include="Source\sdlgui\layout.h">
      <Filter>Header Files</Filter>
    </ClInclude>
    <ClInclude Include="Source\sdlgui\messagedialog.h">
      <Filter>Header Files</Filter>
    </ClInclude>
    <ClInclude Include="Source\sdlgui\nanort.h">
      <Filter>Header Files</Filter>
    </ClInclude>
    <ClInclude Include="Source\sdlgui\nanovg.h">
      <Filter>Header Files</Filter>
    </ClInclude>
    <ClInclude Include="Source\sdlgui\nanovg_rt.h">
      <Filter>Header Files</Filter>
    </ClInclude>
    <ClInclude Include="Source\sdlgui\popup.h">
      <Filter>Header Files</Filter>
    </ClInclude>
    <ClInclude Include="Source\sdlgui\popupbutton.h">
      <Filter>Header Files</Filter>
    </ClInclude>
    <ClInclude Include="Source\sdlgui\progressbar.h">
      <Filter>Header Files</Filter>
    </ClInclude>
    <ClInclude Include="Source\sdlgui\resources.h">
      <Filter>Header Files</Filter>
    </ClInclude>
    <ClInclude Include="Source\sdlgui\screen.h">
      <Filter>Header Files</Filter>
    </ClInclude>
    <ClInclude Include="Source\sdlgui\sdlguii.h">
      <Filter>Header Files</Filter>
    </ClInclude>
    <ClInclude Include="Source\sdlgui\slider.h">
      <Filter>Header Files</Filter>
    </ClInclude>
    <ClInclude Include="Source\sdlgui\stackedwidget.h">
      <Filter>Header Files</Filter>
    </ClInclude>
    <ClInclude Include="Source\sdlgui\stb_image.h">
      <Filter>Header Files</Filter>
    </ClInclude>
    <ClInclude Include="Source\sdlgui\stb_truetype.h">
      <Filter>Header Files</Filter>
    </ClInclude>
    <ClInclude Include="Source\sdlgui\switchbox.h">
      <Filter>Header Files</Filter>
    </ClInclude>
    <ClInclude Include="Source\sdlgui\tabheader.h">
      <Filter>Header Files</Filter>
    </ClInclude>
    <ClInclude Include="Source\sdlgui\tabwidget.h">
      <Filter>Header Files</Filter>
    </ClInclude>
    <ClInclude Include="Source\sdlgui\textbox.h">
      <Filter>Header Files</Filter>
    </ClInclude>
    <ClInclude Include="Source\sdlgui\theme.h">
      <Filter>Header Files</Filter>
    </ClInclude>
    <ClInclude Include="Source\sdlgui\toolbutton.h">
      <Filter>Header Files</Filter>
    </ClInclude>
    <ClInclude Include="Source\sdlgui\vscrollpanel.h">
      <Filter>Header Files</Filter>
    </ClInclude>
    <ClInclude Include="Source\sdlgui\widget.h">
      <Filter>Header Files</Filter>
    </ClInclude>
    <ClInclude Include="Source\sdlgui\window.h">
      <Filter>Header Files</Filter>
    </ClInclude>
    <ClInclude Include="Source\GameSceneUI.h">
      <Filter>Header Files</Filter>
    </ClInclude>
    <ClInclude Include="Source\Utility\Instrumentor.h">
      <Filter>Header Files</Filter>
    </ClInclude>
    <ClInclude Include="Source\Utility\Visibility.h">
      <Filter>Header Files</Filter>
    </ClInclude>
    <ClInclude Include="Source\Utility\FOVRecurse.h">
      <Filter>Header Files</Filter>
    </ClInclude>
    <ClInclude Include="Source\Utility\MessageBus.h">
      <Filter>Header Files</Filter>
    </ClInclude>
    <ClInclude Include="Source\Terminal\char.hpp">
      <Filter>Header Files</Filter>
    </ClInclude>
    <ClInclude Include="Source\Terminal\sdl_context.hpp">
      <Filter>Header Files</Filter>
    </ClInclude>
    <ClInclude Include="Source\Terminal\string.hpp">
      <Filter>Header Files</Filter>
    </ClInclude>
    <ClInclude Include="Source\Terminal\terminate.hpp">
      <Filter>Header Files</Filter>
    </ClInclude>
    <ClInclude Include="Source\Utility\Swatch.h">
      <Filter>Header Files</Filter>
    </ClInclude>
    <ClInclude Include="Source\Terminal\ConsoleBuffer.hpp">
      <Filter>Header Files</Filter>
    </ClInclude>
    <ClInclude Include="Source\Terminal\Console.h">
      <Filter>Header Files</Filter>
    </ClInclude>
    <ClInclude Include="Source\Utility\Color.h">
      <Filter>Header Files</Filter>
    </ClInclude>
    <ClInclude Include="Source\Component\Cell.h">
      <Filter>Header Files</Filter>
    </ClInclude>
  </ItemGroup>
  <ItemGroup>
    <Text Include="resources\fonts\license.txt" />
    <Text Include="score.txt" />
    <Text Include="resources\score.txt" />
    <Text Include="Licenses\LICENSE.FLAC.txt" />
    <Text Include="Licenses\LICENSE.modplug.txt" />
    <Text Include="Licenses\LICENSE.mpg123.txt" />
    <Text Include="Licenses\LICENSE.ogg-vorbis.txt" />
    <Text Include="Licenses\LICENSE.opus.txt" />
    <Text Include="Licenses\LICENSE.opusfile.txt" />
    <Text Include="Source\Notes.txt" />
  </ItemGroup>
  <ItemGroup>
    <Image Include="Assets\Sprites\spritesheet.png">
      <Filter>Resource Files</Filter>
    </Image>
    <Image Include="Assets\Sprites\tilemap.png">
      <Filter>Resource Files</Filter>
    </Image>
    <Image Include="Assets\Textures\dirt.png">
      <Filter>Resource Files</Filter>
    </Image>
    <Image Include="Assets\Textures\enemy.png">
      <Filter>Resource Files</Filter>
    </Image>
    <Image Include="Assets\Textures\grass.png">
      <Filter>Resource Files</Filter>
    </Image>
    <Image Include="Assets\Textures\player.png">
      <Filter>Resource Files</Filter>
    </Image>
    <Image Include="Assets\Textures\player_anims.png">
      <Filter>Resource Files</Filter>
    </Image>
    <Image Include="Assets\Textures\player_idle.png">
      <Filter>Resource Files</Filter>
    </Image>
    <Image Include="Assets\Textures\terrain_ss.png">
      <Filter>Resource Files</Filter>
    </Image>
    <Image Include="Assets\Textures\water.png">
      <Filter>Resource Files</Filter>
    </Image>
    <Image Include="Assets\MapData\full spritesheet.png">
      <Filter>Resource Files</Filter>
    </Image>
    <Image Include="Assets\MapData\full tilemap.png">
      <Filter>Resource Files</Filter>
    </Image>
    <Image Include="resources\tiled_files\full spritesheet.png">
      <Filter>Resource Files</Filter>
    </Image>
    <Image Include="resources\tiled_files\full tilemap.png">
      <Filter>Resource Files</Filter>
    </Image>
    <Image Include="resources\sprites\spritesheet.png">
      <Filter>Resource Files</Filter>
    </Image>
    <Image Include="resources\sprites\tilemap.png">
      <Filter>Resource Files</Filter>
    </Image>
    <Image Include="icons\icon1.png">
      <Filter>Resource Files</Filter>
    </Image>
    <Image Include="icons\icon2.png">
      <Filter>Resource Files</Filter>
    </Image>
    <Image Include="icons\icon3.png">
      <Filter>Resource Files</Filter>
    </Image>
    <Image Include="icons\icon4.png">
      <Filter>Resource Files</Filter>
    </Image>
    <Image Include="icons\icon5.png">
      <Filter>Resource Files</Filter>
    </Image>
    <Image Include="icons\icon6.png">
      <Filter>Resource Files</Filter>
    </Image>
    <Image Include="icons\icon7.png">
      <Filter>Resource Files</Filter>
    </Image>
    <Image Include="icons\icon8.png">
      <Filter>Resource Files</Filter>
    </Image>
  </ItemGroup>
  <ItemGroup>
    <None Include="Assets\MapData\map.tmx" />
    <None Include="Assets\MapData\sprite.tsx" />
    <None Include="Assets\MapData\tile.tsx" />
    <None Include="libFLAC-8.dll" />
    <None Include="libfreetype-6.dll" />
    <None Include="libmodplug-1.dll" />
    <None Include="libmpg123-0.dll" />
    <None Include="libogg-0.dll" />
    <None Include="libopus-0.dll" />
    <None Include="libopusfile-0.dll" />
    <None Include="libpng16-16.dll" />
    <None Include="libvorbis-0.dll" />
    <None Include="libvorbisfile-3.dll" />
    <None Include="SDL2.dll" />
    <None Include="SDL2_image.dll" />
    <None Include="SDL2_mixer.dll" />
    <None Include="SDL2_ttf.dll" />
    <None Include="zlib1.dll" />
    <None Include="resources\tiled_files\sprite.tsx" />
    <None Include="resources\tiled_files\tile.tsx" />
    <None Include="resources\tiled_files\map_test.tmx" />
  </ItemGroup>
  <ItemGroup>
    <Font Include="resources\fonts\dpcomic.ttf" />
    <Font Include="entypo.ttf" />
    <Font Include="Roboto-Bold.ttf" />
    <Font Include="Roboto-Regular.ttf" />
    <Font Include="kongtext.ttf" />
    <Font Include="ProFontWindows.ttf" />
    <Font Include="nimbusmono-bold.otf" />
    <Font Include="nimbusmono-boldoblique.otf" />
    <Font Include="nimbusmono-oblique.otf" />
    <Font Include="nimbusmono-regular.otf" />
  </ItemGroup>
  <ItemGroup>
    <Media Include="resources\mix\main.mp3" />
  </ItemGroup>
</Project>