<?xml version="1.0" encoding="utf-8"?>
<Project ToolsVersion="4.0" xmlns="http://schemas.microsoft.com/developer/msbuild/2003">
  <ItemGroup>
    <Filter Include="Source Files">
      <UniqueIdentifier>{4FC737F1-C7A5-4376-A066-2A32D752A2FF}</UniqueIdentifier>
      <Extensions>cpp;c;cc;cxx;c++;def;odl;idl;hpj;bat;asm;asmx</Extensions>
    </Filter>
    <Filter Include="Header Files">
      <UniqueIdentifier>{93995380-89BD-4b04-88EB-625FBE52EBFB}</UniqueIdentifier>
      <Extensions>h;hh;hpp;hxx;h++;hm;inl;inc;ipp;xsd</Extensions>
    </Filter>
    <Filter Include="Resource Files">
      <UniqueIdentifier>{67DA6AB6-F800-4c08-8B7A-83BB121AAD01}</UniqueIdentifier>
      <Extensions>rc;ico;cur;bmp;dlg;rc2;rct;bin;rgs;gif;jpg;jpeg;jpe;resx;tiff;tif;png;wav;mfcribbon-ms</Extensions>
    </Filter>
  </ItemGroup>
  <ItemGroup>
    <ClCompile Include="main.cpp">
      <Filter>Source Files</Filter>
    </ClCompile>
    <ClCompile Include="XML\pugixml.cpp">
      <Filter>Source Files</Filter>
    </ClCompile>
    <ClCompile Include="SDL\instances.cpp">
      <Filter>Source Files</Filter>
    </ClCompile>
    <ClCompile Include="Systems\camerasystem.cpp">
      <Filter>Source Files</Filter>
    </ClCompile>
    <ClCompile Include="Systems\collisionsystem.cpp">
      <Filter>Source Files</Filter>
    </ClCompile>
    <ClCompile Include="Systems\debugsystem.cpp">
      <Filter>Source Files</Filter>
    </ClCompile>
    <ClCompile Include="Systems\enemysystem.cpp">
      <Filter>Source Files</Filter>
    </ClCompile>
    <ClCompile Include="Systems\playerinputsystem.cpp">
      <Filter>Source Files</Filter>
    </ClCompile>
    <ClCompile Include="Systems\positionsystem.cpp">
      <Filter>Source Files</Filter>
    </ClCompile>
    <ClCompile Include="Systems\spritesystem.cpp">
      <Filter>Source Files</Filter>
    </ClCompile>
    <ClCompile Include="Systems\tilegridsystem.cpp">
      <Filter>Source Files</Filter>
    </ClCompile>
  </ItemGroup>
  <ItemGroup>
    <ClInclude Include="Prefab\PF_MapTile.h">
      <Filter>Header Files</Filter>
    </ClInclude>
    <ClInclude Include="XML\pugiconfig.hpp">
      <Filter>Header Files</Filter>
    </ClInclude>
    <ClInclude Include="XML\pugixml.hpp">
      <Filter>Header Files</Filter>
    </ClInclude>
    <ClInclude Include="SDL\config.hpp">
      <Filter>Header Files</Filter>
    </ClInclude>
    <ClInclude Include="SDL\events.hpp">
      <Filter>Header Files</Filter>
    </ClInclude>
    <ClInclude Include="SDL\framerate.hpp">
      <Filter>Header Files</Filter>
    </ClInclude>
    <ClInclude Include="SDL\fwd.hpp">
      <Filter>Header Files</Filter>
    </ClInclude>
    <ClInclude Include="SDL\game.hpp">
      <Filter>Header Files</Filter>
    </ClInclude>
    <ClInclude Include="SDL\graphics.hpp">
      <Filter>Header Files</Filter>
    </ClInclude>
    <ClInclude Include="SDL\instances.hpp">
      <Filter>Header Files</Filter>
    </ClInclude>
    <ClInclude Include="SDL\resource_loader.hpp">
      <Filter>Header Files</Filter>
    </ClInclude>
    <ClInclude Include="SDL\scene.hpp">
      <Filter>Header Files</Filter>
    </ClInclude>
    <ClInclude Include="SDL\sdl.hpp">
      <Filter>Header Files</Filter>
    </ClInclude>
    <ClInclude Include="SDL\timer.hpp">
      <Filter>Header Files</Filter>
    </ClInclude>
    <ClInclude Include="config.hpp">
      <Filter>Header Files</Filter>
    </ClInclude>
    <ClInclude Include="core.hpp">
      <Filter>Header Files</Filter>
    </ClInclude>
    <ClInclude Include="fwd.hpp">
      <Filter>Header Files</Filter>
    </ClInclude>
    <ClInclude Include="game_scene.hpp">
      <Filter>Header Files</Filter>
    </ClInclude>
    <ClInclude Include="Resource\cache.hpp">
      <Filter>Header Files</Filter>
    </ClInclude>
    <ClInclude Include="Resource\fwd.hpp">
      <Filter>Header Files</Filter>
    </ClInclude>
    <ClInclude Include="Systems\camerasystem.hpp">
      <Filter>Header Files</Filter>
    </ClInclude>
    <ClInclude Include="Systems\collisionsystem.hpp">
      <Filter>Header Files</Filter>
    </ClInclude>
    <ClInclude Include="Systems\debugsystem.hpp">
      <Filter>Header Files</Filter>
    </ClInclude>
    <ClInclude Include="Systems\enemysystem.hpp">
      <Filter>Header Files</Filter>
    </ClInclude>
    <ClInclude Include="Systems\playerinputsystem.hpp">
      <Filter>Header Files</Filter>
    </ClInclude>
    <ClInclude Include="Systems\positionsystem.hpp">
      <Filter>Header Files</Filter>
    </ClInclude>
    <ClInclude Include="Systems\spritesystem.hpp">
      <Filter>Header Files</Filter>
    </ClInclude>
    <ClInclude Include="Systems\systems.hpp">
      <Filter>Header Files</Filter>
    </ClInclude>
    <ClInclude Include="Systems\tilegridsystem.hpp">
      <Filter>Header Files</Filter>
    </ClInclude>
    <ClInclude Include="Component\ai.hpp">
      <Filter>Header Files</Filter>
    </ClInclude>
    <ClInclude Include="Component\camera.hpp">
      <Filter>Header Files</Filter>
    </ClInclude>
    <ClInclude Include="Component\colliders.hpp">
      <Filter>Header Files</Filter>
    </ClInclude>
    <ClInclude Include="Component\components.hpp">
      <Filter>Header Files</Filter>
    </ClInclude>
    <ClInclude Include="Component\hierachy.hpp">
      <Filter>Header Files</Filter>
    </ClInclude>
    <ClInclude Include="Component\sprite.hpp">
      <Filter>Header Files</Filter>
    </ClInclude>
    <ClInclude Include="Component\tilegrid.hpp">
      <Filter>Header Files</Filter>
    </ClInclude>
    <ClInclude Include="Component\tileset.hpp">
      <Filter>Header Files</Filter>
    </ClInclude>
    <ClInclude Include="Component\transform.hpp">
      <Filter>Header Files</Filter>
    </ClInclude>
    <ClInclude Include="Component\vector2d.hpp">
      <Filter>Header Files</Filter>
    </ClInclude>
  </ItemGroup>
  <ItemGroup>
    <Text Include="Notes.txt" />
    <Text Include="LICENSE.FLAC.txt" />
    <Text Include="LICENSE.modplug.txt" />
    <Text Include="LICENSE.mpg123.txt" />
    <Text Include="LICENSE.ogg-vorbis.txt" />
    <Text Include="LICENSE.opus.txt" />
    <Text Include="LICENSE.opusfile.txt" />
    <Text Include="resources\fonts\license.txt" />
  </ItemGroup>
  <ItemGroup>
    <Image Include="Assets\Sprites\spritesheet.png">
      <Filter>Resource Files</Filter>
    </Image>
    <Image Include="Assets\Sprites\tilemap.png">
      <Filter>Resource Files</Filter>
    </Image>
    <Image Include="Assets\Textures\dirt.png">
      <Filter>Resource Files</Filter>
    </Image>
    <Image Include="Assets\Textures\enemy.png">
      <Filter>Resource Files</Filter>
    </Image>
    <Image Include="Assets\Textures\grass.png">
      <Filter>Resource Files</Filter>
    </Image>
    <Image Include="Assets\Textures\player.png">
      <Filter>Resource Files</Filter>
    </Image>
    <Image Include="Assets\Textures\player_anims.png">
      <Filter>Resource Files</Filter>
    </Image>
    <Image Include="Assets\Textures\player_idle.png">
      <Filter>Resource Files</Filter>
    </Image>
    <Image Include="Assets\Textures\terrain_ss.png">
      <Filter>Resource Files</Filter>
    </Image>
    <Image Include="Assets\Textures\water.png">
      <Filter>Resource Files</Filter>
    </Image>
    <Image Include="Assets\MapData\full spritesheet.png">
      <Filter>Resource Files</Filter>
    </Image>
    <Image Include="Assets\MapData\full tilemap.png">
      <Filter>Resource Files</Filter>
    </Image>
    <Image Include="resources\tiled_files\full spritesheet.png">
      <Filter>Resource Files</Filter>
    </Image>
    <Image Include="resources\tiled_files\full tilemap.png">
      <Filter>Resource Files</Filter>
    </Image>
    <Image Include="resources\sprites\spritesheet.png">
      <Filter>Resource Files</Filter>
    </Image>
    <Image Include="resources\sprites\tilemap.png">
      <Filter>Resource Files</Filter>
    </Image>
  </ItemGroup>
  <ItemGroup>
    <None Include="Assets\MapData\map.tmx" />
    <None Include="Assets\MapData\sprite.tsx" />
    <None Include="Assets\MapData\tile.tsx" />
    <None Include="libFLAC-8.dll" />
    <None Include="libfreetype-6.dll" />
    <None Include="libmodplug-1.dll" />
    <None Include="libmpg123-0.dll" />
    <None Include="libogg-0.dll" />
    <None Include="libopus-0.dll" />
    <None Include="libopusfile-0.dll" />
    <None Include="libpng16-16.dll" />
    <None Include="libvorbis-0.dll" />
    <None Include="libvorbisfile-3.dll" />
    <None Include="SDL2.dll" />
    <None Include="SDL2_image.dll" />
    <None Include="SDL2_mixer.dll" />
    <None Include="SDL2_ttf.dll" />
    <None Include="zlib1.dll" />
    <None Include="resources\tiled_files\sprite.tsx" />
    <None Include="resources\tiled_files\tile.tsx" />
    <None Include="resources\tiled_files\map_test.tmx" />
  </ItemGroup>
  <ItemGroup>
    <Font Include="resources\fonts\dpcomic.ttf" />
  </ItemGroup>
  <ItemGroup>
    <Media Include="resources\mix\main.mp3" />
  </ItemGroup>
</Project>